
Microsoft Visual Studio Solution File, Format Version 12.00
# Visual Studio 15
VisualStudioVersion = 15.0.28307.329
MinimumVisualStudioVersion = 10.0.40219.1
Project("{FAE04EC0-301F-11D3-BF4B-00C04F79EFBC}") = "Payspace_NextGen", "Payspace_NextGen\Payspace_NextGen.csproj", "{5BE90257-328E-4EF5-A112-E9F38A1B706B}"
EndProject
Project("{FAE04EC0-301F-11D3-BF4B-00C04F79EFBC}") = "Payspace_NextGenTests", "Payspace_NextGenTests\Payspace_NextGenTests.csproj", "{A17770C9-2816-479D-B4C8-43F9FC5E36A5}"
EndProject
Global
	GlobalSection(SolutionConfigurationPlatforms) = preSolution
		Debug|Any CPU = Debug|Any CPU
		Release|Any CPU = Release|Any CPU
	EndGlobalSection
	GlobalSection(ProjectConfigurationPlatforms) = postSolution
		{5BE90257-328E-4EF5-A112-E9F38A1B706B}.Debug|Any CPU.ActiveCfg = Debug|Any CPU
		{5BE90257-328E-4EF5-A112-E9F38A1B706B}.Debug|Any CPU.Build.0 = Debug|Any CPU
		{5BE90257-328E-4EF5-A112-E9F38A1B706B}.Release|Any CPU.ActiveCfg = Release|Any CPU
		{5BE90257-328E-4EF5-A112-E9F38A1B706B}.Release|Any CPU.Build.0 = Release|Any CPU
		{A17770C9-2816-479D-B4C8-43F9FC5E36A5}.Debug|Any CPU.ActiveCfg = Debug|Any CPU
		{A17770C9-2816-479D-B4C8-43F9FC5E36A5}.Debug|Any CPU.Build.0 = Debug|Any CPU
		{A17770C9-2816-479D-B4C8-43F9FC5E36A5}.Release|Any CPU.ActiveCfg = Release|Any CPU
		{A17770C9-2816-479D-B4C8-43F9FC5E36A5}.Release|Any CPU.Build.0 = Release|Any CPU
	EndGlobalSection
	GlobalSection(SolutionProperties) = preSolution
		HideSolutionNode = FALSE
	EndGlobalSection
	GlobalSection(ExtensibilityGlobals) = postSolution
		SolutionGuid = {7EAF2FD1-34EB-43D2-88BD-51992D769FD8}
	EndGlobalSection
EndGlobal
